
Microsoft Visual Studio Solution File, Format Version 12.00
# Visual Studio 15
VisualStudioVersion = 15.0.27004.2010
MinimumVisualStudioVersion = 10.0.40219.1
Project("{FAE04EC0-301F-11D3-BF4B-00C04F79EFBC}") = "Assessment1", "Assessment1\Assessment1.csproj", "{375E290F-9A15-44F6-9547-536ED7E1857A}"
EndProject
Global
	GlobalSection(SolutionConfigurationPlatforms) = preSolution
		Debug|Any CPU = Debug|Any CPU
		Release|Any CPU = Release|Any CPU
	EndGlobalSection
	GlobalSection(ProjectConfigurationPlatforms) = postSolution
		{375E290F-9A15-44F6-9547-536ED7E1857A}.Debug|Any CPU.ActiveCfg = Debug|Any CPU
		{375E290F-9A15-44F6-9547-536ED7E1857A}.Debug|Any CPU.Build.0 = Debug|Any CPU
		{375E290F-9A15-44F6-9547-536ED7E1857A}.Release|Any CPU.ActiveCfg = Release|Any CPU
		{375E290F-9A15-44F6-9547-536ED7E1857A}.Release|Any CPU.Build.0 = Release|Any CPU
	EndGlobalSection
	GlobalSection(SolutionProperties) = preSolution
		HideSolutionNode = FALSE
	EndGlobalSection
	GlobalSection(ExtensibilityGlobals) = postSolution
		SolutionGuid = {1BFC7FD0-9776-4AAB-97AE-1C30E852C6C3}
	EndGlobalSection
EndGlobal
